// !$*UTF8*$!
{
	archiveVersion = 1;
	classes = {
	};
	objectVersion = 56;
	objects = {

/* Begin PBXBuildFile section */
		40C3C3B42B3CF7BB00CE9505 /* AppDelegate.swift in Sources */ = {isa = PBXBuildFile; fileRef = 40C3C3B32B3CF7BB00CE9505 /* AppDelegate.swift */; };
		40C3C3B62B3CF7BB00CE9505 /* SceneDelegate.swift in Sources */ = {isa = PBXBuildFile; fileRef = 40C3C3B52B3CF7BB00CE9505 /* SceneDelegate.swift */; };
		40C3C3B82B3CF7BB00CE9505 /* HomePage.swift in Sources */ = {isa = PBXBuildFile; fileRef = 40C3C3B72B3CF7BB00CE9505 /* HomePage.swift */; };
		40C3C3BB2B3CF7BB00CE9505 /* Main.storyboard in Resources */ = {isa = PBXBuildFile; fileRef = 40C3C3B92B3CF7BB00CE9505 /* Main.storyboard */; };
		40C3C3BD2B3CF7BC00CE9505 /* Assets.xcassets in Resources */ = {isa = PBXBuildFile; fileRef = 40C3C3BC2B3CF7BC00CE9505 /* Assets.xcassets */; };
		40C3C3C02B3CF7BC00CE9505 /* LaunchScreen.storyboard in Resources */ = {isa = PBXBuildFile; fileRef = 40C3C3BE2B3CF7BC00CE9505 /* LaunchScreen.storyboard */; };
		40C3C3C82B3CF7CA00CE9505 /* Product.swift in Sources */ = {isa = PBXBuildFile; fileRef = 40C3C3C72B3CF7CA00CE9505 /* Product.swift */; };
		40C3C3CA2B3CF86400CE9505 /* DetailsPage.swift in Sources */ = {isa = PBXBuildFile; fileRef = 40C3C3C92B3CF86400CE9505 /* DetailsPage.swift */; };
		40C3C3CC2B3CFA7C00CE9505 /* ProductsCell.swift in Sources */ = {isa = PBXBuildFile; fileRef = 40C3C3CB2B3CFA7C00CE9505 /* ProductsCell.swift */; };
/* End PBXBuildFile section */

/* Begin PBXFileReference section */
		40C3C3B02B3CF7BB00CE9505 /* ProductsApp.app */ = {isa = PBXFileReference; explicitFileType = wrapper.application; includeInIndex = 0; path = ProductsApp.app; sourceTree = BUILT_PRODUCTS_DIR; };
		40C3C3B32B3CF7BB00CE9505 /* AppDelegate.swift */ = {isa = PBXFileReference; lastKnownFileType = sourcecode.swift; path = AppDelegate.swift; sourceTree = "<group>"; };
		40C3C3B52B3CF7BB00CE9505 /* SceneDelegate.swift */ = {isa = PBXFileReference; lastKnownFileType = sourcecode.swift; path = SceneDelegate.swift; sourceTree = "<group>"; };
		40C3C3B72B3CF7BB00CE9505 /* HomePage.swift */ = {isa = PBXFileReference; lastKnownFileType = sourcecode.swift; path = HomePage.swift; sourceTree = "<group>"; };
		40C3C3BA2B3CF7BB00CE9505 /* Base */ = {isa = PBXFileReference; lastKnownFileType = file.storyboard; name = Base; path = Base.lproj/Main.storyboard; sourceTree = "<group>"; };
		40C3C3BC2B3CF7BC00CE9505 /* Assets.xcassets */ = {isa = PBXFileReference; lastKnownFileType = folder.assetcatalog; path = Assets.xcassets; sourceTree = "<group>"; };
		40C3C3BF2B3CF7BC00CE9505 /* Base */ = {isa = PBXFileReference; lastKnownFileType = file.storyboard; name = Base; path = Base.lproj/LaunchScreen.storyboard; sourceTree = "<group>"; };
		40C3C3C12B3CF7BC00CE9505 /* Info.plist */ = {isa = PBXFileReference; lastKnownFileType = text.plist.xml; path = Info.plist; sourceTree = "<group>"; };
		40C3C3C72B3CF7CA00CE9505 /* Product.swift */ = {isa = PBXFileReference; lastKnownFileType = sourcecode.swift; path = Product.swift; sourceTree = "<group>"; };
		40C3C3C92B3CF86400CE9505 /* DetailsPage.swift */ = {isa = PBXFileReference; lastKnownFileType = sourcecode.swift; path = DetailsPage.swift; sourceTree = "<group>"; };
		40C3C3CB2B3CFA7C00CE9505 /* ProductsCell.swift */ = {isa = PBXFileReference; lastKnownFileType = sourcecode.swift; path = ProductsCell.swift; sourceTree = "<group>"; };
/* End PBXFileReference section */

/* Begin PBXFrameworksBuildPhase section */
		40C3C3AD2B3CF7BB00CE9505 /* Frameworks */ = {
			isa = PBXFrameworksBuildPhase;
			buildActionMask = 2147483647;
			files = (
			);
			runOnlyForDeploymentPostprocessing = 0;
		};
/* End PBXFrameworksBuildPhase section */

/* Begin PBXGroup section */
		40C3C3A72B3CF7BB00CE9505 = {
			isa = PBXGroup;
			children = (
				40C3C3B22B3CF7BB00CE9505 /* ProductsApp */,
				40C3C3B12B3CF7BB00CE9505 /* Products */,
			);
			sourceTree = "<group>";
		};
		40C3C3B12B3CF7BB00CE9505 /* Products */ = {
			isa = PBXGroup;
			children = (
				40C3C3B02B3CF7BB00CE9505 /* ProductsApp.app */,
			);
			name = Products;
			sourceTree = "<group>";
		};
		40C3C3B22B3CF7BB00CE9505 /* ProductsApp */ = {
			isa = PBXGroup;
			children = (
				40C3C3B32B3CF7BB00CE9505 /* AppDelegate.swift */,
				40C3C3B52B3CF7BB00CE9505 /* SceneDelegate.swift */,
				40C3C3B72B3CF7BB00CE9505 /* HomePage.swift */,
				40C3C3C92B3CF86400CE9505 /* DetailsPage.swift */,
				40C3C3C72B3CF7CA00CE9505 /* Product.swift */,
				40C3C3CB2B3CFA7C00CE9505 /* ProductsCell.swift */,
				40C3C3B92B3CF7BB00CE9505 /* Main.storyboard */,
				40C3C3BC2B3CF7BC00CE9505 /* Assets.xcassets */,
				40C3C3BE2B3CF7BC00CE9505 /* LaunchScreen.storyboard */,
				40C3C3C12B3CF7BC00CE9505 /* Info.plist */,
			);
			path = ProductsApp;
			sourceTree = "<group>";
		};
/* End PBXGroup section */

/* Begin PBXNativeTarget section */
		40C3C3AF2B3CF7BB00CE9505 /* ProductsApp */ = {
			isa = PBXNativeTarget;
			buildConfigurationList = 40C3C3C42B3CF7BC00CE9505 /* Build configuration list for PBXNativeTarget "ProductsApp" */;
			buildPhases = (
				40C3C3AC2B3CF7BB00CE9505 /* Sources */,
				40C3C3AD2B3CF7BB00CE9505 /* Frameworks */,
				40C3C3AE2B3CF7BB00CE9505 /* Resources */,
			);
			buildRules = (
			);
			dependencies = (
			);
			name = ProductsApp;
			productName = ProductsApp;
			productReference = 40C3C3B02B3CF7BB00CE9505 /* ProductsApp.app */;
			productType = "com.apple.product-type.application";
		};
/* End PBXNativeTarget section */

/* Begin PBXProject section */
		40C3C3A82B3CF7BB00CE9505 /* Project object */ = {
			isa = PBXProject;
			attributes = {
				BuildIndependentTargetsInParallel = 1;
				LastSwiftUpdateCheck = 1510;
				LastUpgradeCheck = 1510;
				TargetAttributes = {
					40C3C3AF2B3CF7BB00CE9505 = {
						CreatedOnToolsVersion = 15.1;
					};
				};
			};
			buildConfigurationList = 40C3C3AB2B3CF7BB00CE9505 /* Build configuration list for PBXProject "ProductsApp" */;
			compatibilityVersion = "Xcode 14.0";
			developmentRegion = en;
			hasScannedForEncodings = 0;
			knownRegions = (
				en,
				Base,
			);
			mainGroup = 40C3C3A72B3CF7BB00CE9505;
			productRefGroup = 40C3C3B12B3CF7BB00CE9505 /* Products */;
			projectDirPath = "";
			projectRoot = "";
			targets = (
				40C3C3AF2B3CF7BB00CE9505 /* ProductsApp */,
			);
		};
/* End PBXProject section */

/* Begin PBXResourcesBuildPhase section */
		40C3C3AE2B3CF7BB00CE9505 /* Resources */ = {
			isa = PBXResourcesBuildPhase;
			buildActionMask = 2147483647;
			files = (
				40C3C3C02B3CF7BC00CE9505 /* LaunchScreen.storyboard in Resources */,
				40C3C3BD2B3CF7BC00CE9505 /* Assets.xcassets in Resources */,
				40C3C3BB2B3CF7BB00CE9505 /* Main.storyboard in Resources */,
			);
			runOnlyForDeploymentPostprocessing = 0;
		};
/* End PBXResourcesBuildPhase section */

/* Begin PBXSourcesBuildPhase section */
		40C3C3AC2B3CF7BB00CE9505 /* Sources */ = {
			isa = PBXSourcesBuildPhase;
			buildActionMask = 2147483647;
			files = (
				40C3C3CA2B3CF86400CE9505 /* DetailsPage.swift in Sources */,
				40C3C3B82B3CF7BB00CE9505 /* HomePage.swift in Sources */,
				40C3C3C82B3CF7CA00CE9505 /* Product.swift in Sources */,
				40C3C3B42B3CF7BB00CE9505 /* AppDelegate.swift in Sources */,
				40C3C3B62B3CF7BB00CE9505 /* SceneDelegate.swift in Sources */,
				40C3C3CC2B3CFA7C00CE9505 /* ProductsCell.swift in Sources */,
			);
			runOnlyForDeploymentPostprocessing = 0;
		};
/* End PBXSourcesBuildPhase section */

/* Begin PBXVariantGroup section */
		40C3C3B92B3CF7BB00CE9505 /* Main.storyboard */ = {
			isa = PBXVariantGroup;
			children = (
				40C3C3BA2B3CF7BB00CE9505 /* Base */,
			);
			name = Main.storyboard;
			sourceTree = "<group>";
		};
		40C3C3BE2B3CF7BC00CE9505 /* LaunchScreen.storyboard */ = {
			isa = PBXVariantGroup;
			children = (
				40C3C3BF2B3CF7BC00CE9505 /* Base */,
			);
			name = LaunchScreen.storyboard;
			sourceTree = "<group>";
		};
/* End PBXVariantGroup section */

/* Begin XCBuildConfiguration section */
		40C3C3C22B3CF7BC00CE9505 /* Debug */ = {
			isa = XCBuildConfiguration;
			buildSettings = {
				ALWAYS_SEARCH_USER_PATHS = NO;
				ASSETCATALOG_COMPILER_GENERATE_SWIFT_ASSET_SYMBOL_EXTENSIONS = YES;
				CLANG_ANALYZER_NONNULL = YES;
				CLANG_ANALYZER_NUMBER_OBJECT_CONVERSION = YES_AGGRESSIVE;
				CLANG_CXX_LANGUAGE_STANDARD = "gnu++20";
				CLANG_ENABLE_MODULES = YES;
				CLANG_ENABLE_OBJC_ARC = YES;
				CLANG_ENABLE_OBJC_WEAK = YES;
				CLANG_WARN_BLOCK_CAPTURE_AUTORELEASING = YES;
				CLANG_WARN_BOOL_CONVERSION = YES;
				CLANG_WARN_COMMA = YES;
				CLANG_WARN_CONSTANT_CONVERSION = YES;
				CLANG_WARN_DEPRECATED_OBJC_IMPLEMENTATIONS = YES;
				CLANG_WARN_DIRECT_OBJC_ISA_USAGE = YES_ERROR;
				CLANG_WARN_DOCUMENTATION_COMMENTS = YES;
				CLANG_WARN_EMPTY_BODY = YES;
				CLANG_WARN_ENUM_CONVERSION = YES;
				CLANG_WARN_INFINITE_RECURSION = YES;
				CLANG_WARN_INT_CONVERSION = YES;
				CLANG_WARN_NON_LITERAL_NULL_CONVERSION = YES;
				CLANG_WARN_OBJC_IMPLICIT_RETAIN_SELF = YES;
				CLANG_WARN_OBJC_LITERAL_CONVERSION = YES;
				CLANG_WARN_OBJC_ROOT_CLASS = YES_ERROR;
				CLANG_WARN_QUOTED_INCLUDE_IN_FRAMEWORK_HEADER = YES;
				CLANG_WARN_RANGE_LOOP_ANALYSIS = YES;
				CLANG_WARN_STRICT_PROTOTYPES = YES;
				CLANG_WARN_SUSPICIOUS_MOVE = YES;
				CLANG_WARN_UNGUARDED_AVAILABILITY = YES_AGGRESSIVE;
				CLANG_WARN_UNREACHABLE_CODE = YES;
				CLANG_WARN__DUPLICATE_METHOD_MATCH = YES;
				COPY_PHASE_STRIP = NO;
				DEBUG_INFORMATION_FORMAT = dwarf;
				ENABLE_STRICT_OBJC_MSGSEND = YES;
				ENABLE_TESTABILITY = YES;
				ENABLE_USER_SCRIPT_SANDBOXING = YES;
				GCC_C_LANGUAGE_STANDARD = gnu17;
				GCC_DYNAMIC_NO_PIC = NO;
				GCC_NO_COMMON_BLOCKS = YES;
				GCC_OPTIMIZATION_LEVEL = 0;
				GCC_PREPROCESSOR_DEFINITIONS = (
					"DEBUG=1",
					"$(inherited)",
				);
				GCC_WARN_64_TO_32_BIT_CONVERSION = YES;
				GCC_WARN_ABOUT_RETURN_TYPE = YES_ERROR;
				GCC_WARN_UNDECLARED_SELECTOR = YES;
				GCC_WARN_UNINITIALIZED_AUTOS = YES_AGGRESSIVE;
				GCC_WARN_UNUSED_FUNCTION = YES;
				GCC_WARN_UNUSED_VARIABLE = YES;
				IPHONEOS_DEPLOYMENT_TARGET = 17.2;
				LOCALIZATION_PREFERS_STRING_CATALOGS = YES;
				MTL_ENABLE_DEBUG_INFO = INCLUDE_SOURCE;
				MTL_FAST_MATH = YES;
				ONLY_ACTIVE_ARCH = YES;
				SDKROOT = iphoneos;
				SWIFT_ACTIVE_COMPILATION_CONDITIONS = "DEBUG $(inherited)";
				SWIFT_OPTIMIZATION_LEVEL = "-Onone";
			};
			name = Debug;
		};
		40C3C3C32B3CF7BC00CE9505 /* Release */ = {
			isa = XCBuildConfiguration;
			buildSettings = {
				ALWAYS_SEARCH_USER_PATHS = NO;
				ASSETCATALOG_COMPILER_GENERATE_SWIFT_ASSET_SYMBOL_EXTENSIONS = YES;
				CLANG_ANALYZER_NONNULL = YES;
				CLANG_ANALYZER_NUMBER_OBJECT_CONVERSION = YES_AGGRESSIVE;
				CLANG_CXX_LANGUAGE_STANDARD = "gnu++20";
				CLANG_ENABLE_MODULES = YES;
				CLANG_ENABLE_OBJC_ARC = YES;
				CLANG_ENABLE_OBJC_WEAK = YES;
				CLANG_WARN_BLOCK_CAPTURE_AUTORELEASING = YES;
				CLANG_WARN_BOOL_CONVERSION = YES;
				CLANG_WARN_COMMA = YES;
				CLANG_WARN_CONSTANT_CONVERSION = YES;
				CLANG_WARN_DEPRECATED_OBJC_IMPLEMENTATIONS = YES;
				CLANG_WARN_DIRECT_OBJC_ISA_USAGE = YES_ERROR;
				CLANG_WARN_DOCUMENTATION_COMMENTS = YES;
				CLANG_WARN_EMPTY_BODY = YES;
				CLANG_WARN_ENUM_CONVERSION = YES;
				CLANG_WARN_INFINITE_RECURSION = YES;
				CLANG_WARN_INT_CONVERSION = YES;
				CLANG_WARN_NON_LITERAL_NULL_CONVERSION = YES;
				CLANG_WARN_OBJC_IMPLICIT_RETAIN_SELF = YES;
				CLANG_WARN_OBJC_LITERAL_CONVERSION = YES;
				CLANG_WARN_OBJC_ROOT_CLASS = YES_ERROR;
				CLANG_WARN_QUOTED_INCLUDE_IN_FRAMEWORK_HEADER = YES;
				CLANG_WARN_RANGE_LOOP_ANALYSIS = YES;
				CLANG_WARN_STRICT_PROTOTYPES = YES;
				CLANG_WARN_SUSPICIOUS_MOVE = YES;
				CLANG_WARN_UNGUARDED_AVAILABILITY = YES_AGGRESSIVE;
				CLANG_WARN_UNREACHABLE_CODE = YES;
				CLANG_WARN__DUPLICATE_METHOD_MATCH = YES;
				COPY_PHASE_STRIP = NO;
				DEBUG_INFORMATION_FORMAT = "dwarf-with-dsym";
				ENABLE_NS_ASSERTIONS = NO;
				ENABLE_STRICT_OBJC_MSGSEND = YES;
				ENABLE_USER_SCRIPT_SANDBOXING = YES;
				GCC_C_LANGUAGE_STANDARD = gnu17;
				GCC_NO_COMMON_BLOCKS = YES;
				GCC_WARN_64_TO_32_BIT_CONVERSION = YES;
				GCC_WARN_ABOUT_RETURN_TYPE = YES_ERROR;
				GCC_WARN_UNDECLARED_SELECTOR = YES;
				GCC_WARN_UNINITIALIZED_AUTOS = YES_AGGRESSIVE;
				GCC_WARN_UNUSED_FUNCTION = YES;
				GCC_WARN_UNUSED_VARIABLE = YES;
				IPHONEOS_DEPLOYMENT_TARGET = 17.2;
				LOCALIZATION_PREFERS_STRING_CATALOGS = YES;
				MTL_ENABLE_DEBUG_INFO = NO;
				MTL_FAST_MATH = YES;
				SDKROOT = iphoneos;
				SWIFT_COMPILATION_MODE = wholemodule;
				VALIDATE_PRODUCT = YES;
			};
			name = Release;
		};
		40C3C3C52B3CF7BC00CE9505 /* Debug */ = {
			isa = XCBuildConfiguration;
			buildSettings = {
				ASSETCATALOG_COMPILER_APPICON_NAME = AppIcon;
				ASSETCATALOG_COMPILER_GLOBAL_ACCENT_COLOR_NAME = AccentColor;
				CODE_SIGN_STYLE = Automatic;
				CURRENT_PROJECT_VERSION = 1;
				DEVELOPMENT_TEAM = 3Q3DUU9XD7;
				GENERATE_INFOPLIST_FILE = YES;
				INFOPLIST_FILE = ProductsApp/Info.plist;
				INFOPLIST_KEY_UIApplicationSupportsIndirectInputEvents = YES;
				INFOPLIST_KEY_UILaunchStoryboardName = LaunchScreen;
				INFOPLIST_KEY_UIMainStoryboardFile = Main;
				INFOPLIST_KEY_UISupportedInterfaceOrientations_iPad = "UIInterfaceOrientationPortrait UIInterfaceOrientationPortraitUpsideDown UIInterfaceOrientationLandscapeLeft UIInterfaceOrientationLandscapeRight";
				INFOPLIST_KEY_UISupportedInterfaceOrientations_iPhone = "UIInterfaceOrientationPortrait UIInterfaceOrientationLandscapeLeft UIInterfaceOrientationLandscapeRight";
				LD_RUNPATH_SEARCH_PATHS = (
					"$(inherited)",
					"@executable_path/Frameworks",
				);
				MARKETING_VERSION = 1.0;
				PRODUCT_BUNDLE_IDENTIFIER = com.yusufakbas.ProductsApp;
				PRODUCT_NAME = "$(TARGET_NAME)";
				SWIFT_EMIT_LOC_STRINGS = YES;
				SWIFT_VERSION = 5.0;
				TARGETED_DEVICE_FAMILY = "1,2";
			};
			name = Debug;
		};
		40C3C3C62B3CF7BC00CE9505 /* Release */ = {
			isa = XCBuildConfiguration;
			buildSettings = {
				ASSETCATALOG_COMPILER_APPICON_NAME = AppIcon;
				ASSETCATALOG_COMPILER_GLOBAL_ACCENT_COLOR_NAME = AccentColor;
				CODE_SIGN_STYLE = Automatic;
				CURRENT_PROJECT_VERSION = 1;
				DEVELOPMENT_TEAM = 3Q3DUU9XD7;
				GENERATE_INFOPLIST_FILE = YES;
				INFOPLIST_FILE = ProductsApp/Info.plist;
				INFOPLIST_KEY_UIApplicationSupportsIndirectInputEvents = YES;
				INFOPLIST_KEY_UILaunchStoryboardName = LaunchScreen;
				INFOPLIST_KEY_UIMainStoryboardFile = Main;
				INFOPLIST_KEY_UISupportedInterfaceOrientations_iPad = "UIInterfaceOrientationPortrait UIInterfaceOrientationPortraitUpsideDown UIInterfaceOrientationLandscapeLeft UIInterfaceOrientationLandscapeRight";
				INFOPLIST_KEY_UISupportedInterfaceOrientations_iPhone = "UIInterfaceOrientationPortrait UIInterfaceOrientationLandscapeLeft UIInterfaceOrientationLandscapeRight";
				LD_RUNPATH_SEARCH_PATHS = (
					"$(inherited)",
					"@executable_path/Frameworks",
				);
				MARKETING_VERSION = 1.0;
				PRODUCT_BUNDLE_IDENTIFIER = com.yusufakbas.ProductsApp;
				PRODUCT_NAME = "$(TARGET_NAME)";
				SWIFT_EMIT_LOC_STRINGS = YES;
				SWIFT_VERSION = 5.0;
				TARGETED_DEVICE_FAMILY = "1,2";
			};
			name = Release;
		};
/* End XCBuildConfiguration section */

/* Begin XCConfigurationList section */
		40C3C3AB2B3CF7BB00CE9505 /* Build configuration list for PBXProject "ProductsApp" */ = {
			isa = XCConfigurationList;
			buildConfigurations = (
				40C3C3C22B3CF7BC00CE9505 /* Debug */,
				40C3C3C32B3CF7BC00CE9505 /* Release */,
			);
			defaultConfigurationIsVisible = 0;
			defaultConfigurationName = Release;
		};
		40C3C3C42B3CF7BC00CE9505 /* Build configuration list for PBXNativeTarget "ProductsApp" */ = {
			isa = XCConfigurationList;
			buildConfigurations = (
				40C3C3C52B3CF7BC00CE9505 /* Debug */,
				40C3C3C62B3CF7BC00CE9505 /* Release */,
			);
			defaultConfigurationIsVisible = 0;
			defaultConfigurationName = Release;
		};
/* End XCConfigurationList section */
	};
	rootObject = 40C3C3A82B3CF7BB00CE9505 /* Project object */;
}
