// !$*UTF8*$!
{
	archiveVersion = 1;
	classes = {
	};
	objectVersion = 56;
	objects = {

/* Begin PBXBuildFile section */
		40A0A5612B422EF9007C8B69 /* AppDelegate.swift in Sources */ = {isa = PBXBuildFile; fileRef = 40A0A5602B422EF9007C8B69 /* AppDelegate.swift */; };
		40A0A5632B422EF9007C8B69 /* SceneDelegate.swift in Sources */ = {isa = PBXBuildFile; fileRef = 40A0A5622B422EF9007C8B69 /* SceneDelegate.swift */; };
		40A0A5652B422EF9007C8B69 /* ViewController.swift in Sources */ = {isa = PBXBuildFile; fileRef = 40A0A5642B422EF9007C8B69 /* ViewController.swift */; };
		40A0A5682B422EF9007C8B69 /* Main.storyboard in Resources */ = {isa = PBXBuildFile; fileRef = 40A0A5662B422EF9007C8B69 /* Main.storyboard */; };
		40A0A56A2B422EFA007C8B69 /* Assets.xcassets in Resources */ = {isa = PBXBuildFile; fileRef = 40A0A5692B422EFA007C8B69 /* Assets.xcassets */; };
		40A0A56D2B422EFA007C8B69 /* LaunchScreen.storyboard in Resources */ = {isa = PBXBuildFile; fileRef = 40A0A56B2B422EFA007C8B69 /* LaunchScreen.storyboard */; };
		40A0A5752B423B8E007C8B69 /* HomePageViewModel.swift in Sources */ = {isa = PBXBuildFile; fileRef = 40A0A5742B423B8E007C8B69 /* HomePageViewModel.swift */; };
		40A0A5842B423E77007C8B69 /* RxSwift in Frameworks */ = {isa = PBXBuildFile; productRef = 40A0A5832B423E77007C8B69 /* RxSwift */; };
		40A0A58C2B4241E8007C8B69 /* MathRepository.swift in Sources */ = {isa = PBXBuildFile; fileRef = 40A0A58B2B4241E8007C8B69 /* MathRepository.swift */; };
/* End PBXBuildFile section */

/* Begin PBXFileReference section */
		40A0A55D2B422EF9007C8B69 /* UseOfMVVM.app */ = {isa = PBXFileReference; explicitFileType = wrapper.application; includeInIndex = 0; path = UseOfMVVM.app; sourceTree = BUILT_PRODUCTS_DIR; };
		40A0A5602B422EF9007C8B69 /* AppDelegate.swift */ = {isa = PBXFileReference; lastKnownFileType = sourcecode.swift; path = AppDelegate.swift; sourceTree = "<group>"; };
		40A0A5622B422EF9007C8B69 /* SceneDelegate.swift */ = {isa = PBXFileReference; lastKnownFileType = sourcecode.swift; path = SceneDelegate.swift; sourceTree = "<group>"; };
		40A0A5642B422EF9007C8B69 /* ViewController.swift */ = {isa = PBXFileReference; lastKnownFileType = sourcecode.swift; path = ViewController.swift; sourceTree = "<group>"; };
		40A0A5672B422EF9007C8B69 /* Base */ = {isa = PBXFileReference; lastKnownFileType = file.storyboard; name = Base; path = Base.lproj/Main.storyboard; sourceTree = "<group>"; };
		40A0A5692B422EFA007C8B69 /* Assets.xcassets */ = {isa = PBXFileReference; lastKnownFileType = folder.assetcatalog; path = Assets.xcassets; sourceTree = "<group>"; };
		40A0A56C2B422EFA007C8B69 /* Base */ = {isa = PBXFileReference; lastKnownFileType = file.storyboard; name = Base; path = Base.lproj/LaunchScreen.storyboard; sourceTree = "<group>"; };
		40A0A56E2B422EFA007C8B69 /* Info.plist */ = {isa = PBXFileReference; lastKnownFileType = text.plist.xml; path = Info.plist; sourceTree = "<group>"; };
		40A0A5742B423B8E007C8B69 /* HomePageViewModel.swift */ = {isa = PBXFileReference; lastKnownFileType = sourcecode.swift; path = HomePageViewModel.swift; sourceTree = "<group>"; };
		40A0A58B2B4241E8007C8B69 /* MathRepository.swift */ = {isa = PBXFileReference; lastKnownFileType = sourcecode.swift; path = MathRepository.swift; sourceTree = "<group>"; };
/* End PBXFileReference section */

/* Begin PBXFrameworksBuildPhase section */
		40A0A55A2B422EF9007C8B69 /* Frameworks */ = {
			isa = PBXFrameworksBuildPhase;
			buildActionMask = 2147483647;
			files = (
				40A0A5842B423E77007C8B69 /* RxSwift in Frameworks */,
			);
			runOnlyForDeploymentPostprocessing = 0;
		};
/* End PBXFrameworksBuildPhase section */

/* Begin PBXGroup section */
		40A0A5542B422EF9007C8B69 = {
			isa = PBXGroup;
			children = (
				40A0A55F2B422EF9007C8B69 /* UseOfMVVM */,
				40A0A55E2B422EF9007C8B69 /* Products */,
			);
			sourceTree = "<group>";
		};
		40A0A55E2B422EF9007C8B69 /* Products */ = {
			isa = PBXGroup;
			children = (
				40A0A55D2B422EF9007C8B69 /* UseOfMVVM.app */,
			);
			name = Products;
			sourceTree = "<group>";
		};
		40A0A55F2B422EF9007C8B69 /* UseOfMVVM */ = {
			isa = PBXGroup;
			children = (
				40A0A5602B422EF9007C8B69 /* AppDelegate.swift */,
				40A0A5622B422EF9007C8B69 /* SceneDelegate.swift */,
				40A0A5642B422EF9007C8B69 /* ViewController.swift */,
				40A0A5742B423B8E007C8B69 /* HomePageViewModel.swift */,
				40A0A58B2B4241E8007C8B69 /* MathRepository.swift */,
				40A0A5662B422EF9007C8B69 /* Main.storyboard */,
				40A0A5692B422EFA007C8B69 /* Assets.xcassets */,
				40A0A56B2B422EFA007C8B69 /* LaunchScreen.storyboard */,
				40A0A56E2B422EFA007C8B69 /* Info.plist */,
			);
			path = UseOfMVVM;
			sourceTree = "<group>";
		};
/* End PBXGroup section */

/* Begin PBXNativeTarget section */
		40A0A55C2B422EF9007C8B69 /* UseOfMVVM */ = {
			isa = PBXNativeTarget;
			buildConfigurationList = 40A0A5712B422EFA007C8B69 /* Build configuration list for PBXNativeTarget "UseOfMVVM" */;
			buildPhases = (
				40A0A5592B422EF9007C8B69 /* Sources */,
				40A0A55A2B422EF9007C8B69 /* Frameworks */,
				40A0A55B2B422EF9007C8B69 /* Resources */,
			);
			buildRules = (
			);
			dependencies = (
			);
			name = UseOfMVVM;
			packageProductDependencies = (
				40A0A5832B423E77007C8B69 /* RxSwift */,
			);
			productName = UseOfMVVM;
			productReference = 40A0A55D2B422EF9007C8B69 /* UseOfMVVM.app */;
			productType = "com.apple.product-type.application";
		};
/* End PBXNativeTarget section */

/* Begin PBXProject section */
		40A0A5552B422EF9007C8B69 /* Project object */ = {
			isa = PBXProject;
			attributes = {
				BuildIndependentTargetsInParallel = 1;
				LastSwiftUpdateCheck = 1510;
				LastUpgradeCheck = 1510;
				TargetAttributes = {
					40A0A55C2B422EF9007C8B69 = {
						CreatedOnToolsVersion = 15.1;
					};
				};
			};
			buildConfigurationList = 40A0A5582B422EF9007C8B69 /* Build configuration list for PBXProject "UseOfMVVM" */;
			compatibilityVersion = "Xcode 14.0";
			developmentRegion = en;
			hasScannedForEncodings = 0;
			knownRegions = (
				en,
				Base,
			);
			mainGroup = 40A0A5542B422EF9007C8B69;
			packageReferences = (
				40A0A5762B423E77007C8B69 /* XCRemoteSwiftPackageReference "RxSwift" */,
			);
			productRefGroup = 40A0A55E2B422EF9007C8B69 /* Products */;
			projectDirPath = "";
			projectRoot = "";
			targets = (
				40A0A55C2B422EF9007C8B69 /* UseOfMVVM */,
			);
		};
/* End PBXProject section */

/* Begin PBXResourcesBuildPhase section */
		40A0A55B2B422EF9007C8B69 /* Resources */ = {
			isa = PBXResourcesBuildPhase;
			buildActionMask = 2147483647;
			files = (
				40A0A56D2B422EFA007C8B69 /* LaunchScreen.storyboard in Resources */,
				40A0A56A2B422EFA007C8B69 /* Assets.xcassets in Resources */,
				40A0A5682B422EF9007C8B69 /* Main.storyboard in Resources */,
			);
			runOnlyForDeploymentPostprocessing = 0;
		};
/* End PBXResourcesBuildPhase section */

/* Begin PBXSourcesBuildPhase section */
		40A0A5592B422EF9007C8B69 /* Sources */ = {
			isa = PBXSourcesBuildPhase;
			buildActionMask = 2147483647;
			files = (
				40A0A5752B423B8E007C8B69 /* HomePageViewModel.swift in Sources */,
				40A0A5652B422EF9007C8B69 /* ViewController.swift in Sources */,
				40A0A58C2B4241E8007C8B69 /* MathRepository.swift in Sources */,
				40A0A5612B422EF9007C8B69 /* AppDelegate.swift in Sources */,
				40A0A5632B422EF9007C8B69 /* SceneDelegate.swift in Sources */,
			);
			runOnlyForDeploymentPostprocessing = 0;
		};
/* End PBXSourcesBuildPhase section */

/* Begin PBXVariantGroup section */
		40A0A5662B422EF9007C8B69 /* Main.storyboard */ = {
			isa = PBXVariantGroup;
			children = (
				40A0A5672B422EF9007C8B69 /* Base */,
			);
			name = Main.storyboard;
			sourceTree = "<group>";
		};
		40A0A56B2B422EFA007C8B69 /* LaunchScreen.storyboard */ = {
			isa = PBXVariantGroup;
			children = (
				40A0A56C2B422EFA007C8B69 /* Base */,
			);
			name = LaunchScreen.storyboard;
			sourceTree = "<group>";
		};
/* End PBXVariantGroup section */

/* Begin XCBuildConfiguration section */
		40A0A56F2B422EFA007C8B69 /* Debug */ = {
			isa = XCBuildConfiguration;
			buildSettings = {
				ALWAYS_SEARCH_USER_PATHS = NO;
				ASSETCATALOG_COMPILER_GENERATE_SWIFT_ASSET_SYMBOL_EXTENSIONS = YES;
				CLANG_ANALYZER_NONNULL = YES;
				CLANG_ANALYZER_NUMBER_OBJECT_CONVERSION = YES_AGGRESSIVE;
				CLANG_CXX_LANGUAGE_STANDARD = "gnu++20";
				CLANG_ENABLE_MODULES = YES;
				CLANG_ENABLE_OBJC_ARC = YES;
				CLANG_ENABLE_OBJC_WEAK = YES;
				CLANG_WARN_BLOCK_CAPTURE_AUTORELEASING = YES;
				CLANG_WARN_BOOL_CONVERSION = YES;
				CLANG_WARN_COMMA = YES;
				CLANG_WARN_CONSTANT_CONVERSION = YES;
				CLANG_WARN_DEPRECATED_OBJC_IMPLEMENTATIONS = YES;
				CLANG_WARN_DIRECT_OBJC_ISA_USAGE = YES_ERROR;
				CLANG_WARN_DOCUMENTATION_COMMENTS = YES;
				CLANG_WARN_EMPTY_BODY = YES;
				CLANG_WARN_ENUM_CONVERSION = YES;
				CLANG_WARN_INFINITE_RECURSION = YES;
				CLANG_WARN_INT_CONVERSION = YES;
				CLANG_WARN_NON_LITERAL_NULL_CONVERSION = YES;
				CLANG_WARN_OBJC_IMPLICIT_RETAIN_SELF = YES;
				CLANG_WARN_OBJC_LITERAL_CONVERSION = YES;
				CLANG_WARN_OBJC_ROOT_CLASS = YES_ERROR;
				CLANG_WARN_QUOTED_INCLUDE_IN_FRAMEWORK_HEADER = YES;
				CLANG_WARN_RANGE_LOOP_ANALYSIS = YES;
				CLANG_WARN_STRICT_PROTOTYPES = YES;
				CLANG_WARN_SUSPICIOUS_MOVE = YES;
				CLANG_WARN_UNGUARDED_AVAILABILITY = YES_AGGRESSIVE;
				CLANG_WARN_UNREACHABLE_CODE = YES;
				CLANG_WARN__DUPLICATE_METHOD_MATCH = YES;
				COPY_PHASE_STRIP = NO;
				DEBUG_INFORMATION_FORMAT = dwarf;
				ENABLE_STRICT_OBJC_MSGSEND = YES;
				ENABLE_TESTABILITY = YES;
				ENABLE_USER_SCRIPT_SANDBOXING = YES;
				GCC_C_LANGUAGE_STANDARD = gnu17;
				GCC_DYNAMIC_NO_PIC = NO;
				GCC_NO_COMMON_BLOCKS = YES;
				GCC_OPTIMIZATION_LEVEL = 0;
				GCC_PREPROCESSOR_DEFINITIONS = (
					"DEBUG=1",
					"$(inherited)",
				);
				GCC_WARN_64_TO_32_BIT_CONVERSION = YES;
				GCC_WARN_ABOUT_RETURN_TYPE = YES_ERROR;
				GCC_WARN_UNDECLARED_SELECTOR = YES;
				GCC_WARN_UNINITIALIZED_AUTOS = YES_AGGRESSIVE;
				GCC_WARN_UNUSED_FUNCTION = YES;
				GCC_WARN_UNUSED_VARIABLE = YES;
				IPHONEOS_DEPLOYMENT_TARGET = 17.2;
				LOCALIZATION_PREFERS_STRING_CATALOGS = YES;
				MTL_ENABLE_DEBUG_INFO = INCLUDE_SOURCE;
				MTL_FAST_MATH = YES;
				ONLY_ACTIVE_ARCH = YES;
				SDKROOT = iphoneos;
				SWIFT_ACTIVE_COMPILATION_CONDITIONS = "DEBUG $(inherited)";
				SWIFT_OPTIMIZATION_LEVEL = "-Onone";
			};
			name = Debug;
		};
		40A0A5702B422EFA007C8B69 /* Release */ = {
			isa = XCBuildConfiguration;
			buildSettings = {
				ALWAYS_SEARCH_USER_PATHS = NO;
				ASSETCATALOG_COMPILER_GENERATE_SWIFT_ASSET_SYMBOL_EXTENSIONS = YES;
				CLANG_ANALYZER_NONNULL = YES;
				CLANG_ANALYZER_NUMBER_OBJECT_CONVERSION = YES_AGGRESSIVE;
				CLANG_CXX_LANGUAGE_STANDARD = "gnu++20";
				CLANG_ENABLE_MODULES = YES;
				CLANG_ENABLE_OBJC_ARC = YES;
				CLANG_ENABLE_OBJC_WEAK = YES;
				CLANG_WARN_BLOCK_CAPTURE_AUTORELEASING = YES;
				CLANG_WARN_BOOL_CONVERSION = YES;
				CLANG_WARN_COMMA = YES;
				CLANG_WARN_CONSTANT_CONVERSION = YES;
				CLANG_WARN_DEPRECATED_OBJC_IMPLEMENTATIONS = YES;
				CLANG_WARN_DIRECT_OBJC_ISA_USAGE = YES_ERROR;
				CLANG_WARN_DOCUMENTATION_COMMENTS = YES;
				CLANG_WARN_EMPTY_BODY = YES;
				CLANG_WARN_ENUM_CONVERSION = YES;
				CLANG_WARN_INFINITE_RECURSION = YES;
				CLANG_WARN_INT_CONVERSION = YES;
				CLANG_WARN_NON_LITERAL_NULL_CONVERSION = YES;
				CLANG_WARN_OBJC_IMPLICIT_RETAIN_SELF = YES;
				CLANG_WARN_OBJC_LITERAL_CONVERSION = YES;
				CLANG_WARN_OBJC_ROOT_CLASS = YES_ERROR;
				CLANG_WARN_QUOTED_INCLUDE_IN_FRAMEWORK_HEADER = YES;
				CLANG_WARN_RANGE_LOOP_ANALYSIS = YES;
				CLANG_WARN_STRICT_PROTOTYPES = YES;
				CLANG_WARN_SUSPICIOUS_MOVE = YES;
				CLANG_WARN_UNGUARDED_AVAILABILITY = YES_AGGRESSIVE;
				CLANG_WARN_UNREACHABLE_CODE = YES;
				CLANG_WARN__DUPLICATE_METHOD_MATCH = YES;
				COPY_PHASE_STRIP = NO;
				DEBUG_INFORMATION_FORMAT = "dwarf-with-dsym";
				ENABLE_NS_ASSERTIONS = NO;
				ENABLE_STRICT_OBJC_MSGSEND = YES;
				ENABLE_USER_SCRIPT_SANDBOXING = YES;
				GCC_C_LANGUAGE_STANDARD = gnu17;
				GCC_NO_COMMON_BLOCKS = YES;
				GCC_WARN_64_TO_32_BIT_CONVERSION = YES;
				GCC_WARN_ABOUT_RETURN_TYPE = YES_ERROR;
				GCC_WARN_UNDECLARED_SELECTOR = YES;
				GCC_WARN_UNINITIALIZED_AUTOS = YES_AGGRESSIVE;
				GCC_WARN_UNUSED_FUNCTION = YES;
				GCC_WARN_UNUSED_VARIABLE = YES;
				IPHONEOS_DEPLOYMENT_TARGET = 17.2;
				LOCALIZATION_PREFERS_STRING_CATALOGS = YES;
				MTL_ENABLE_DEBUG_INFO = NO;
				MTL_FAST_MATH = YES;
				SDKROOT = iphoneos;
				SWIFT_COMPILATION_MODE = wholemodule;
				VALIDATE_PRODUCT = YES;
			};
			name = Release;
		};
		40A0A5722B422EFA007C8B69 /* Debug */ = {
			isa = XCBuildConfiguration;
			buildSettings = {
				ASSETCATALOG_COMPILER_APPICON_NAME = AppIcon;
				ASSETCATALOG_COMPILER_GLOBAL_ACCENT_COLOR_NAME = AccentColor;
				CODE_SIGN_STYLE = Automatic;
				CURRENT_PROJECT_VERSION = 1;
				DEVELOPMENT_TEAM = 3Q3DUU9XD7;
				GENERATE_INFOPLIST_FILE = YES;
				INFOPLIST_FILE = UseOfMVVM/Info.plist;
				INFOPLIST_KEY_UIApplicationSupportsIndirectInputEvents = YES;
				INFOPLIST_KEY_UILaunchStoryboardName = LaunchScreen;
				INFOPLIST_KEY_UIMainStoryboardFile = Main;
				INFOPLIST_KEY_UISupportedInterfaceOrientations_iPad = "UIInterfaceOrientationPortrait UIInterfaceOrientationPortraitUpsideDown UIInterfaceOrientationLandscapeLeft UIInterfaceOrientationLandscapeRight";
				INFOPLIST_KEY_UISupportedInterfaceOrientations_iPhone = "UIInterfaceOrientationPortrait UIInterfaceOrientationLandscapeLeft UIInterfaceOrientationLandscapeRight";
				LD_RUNPATH_SEARCH_PATHS = (
					"$(inherited)",
					"@executable_path/Frameworks",
				);
				MARKETING_VERSION = 1.0;
				PRODUCT_BUNDLE_IDENTIFIER = com.yusufakbas.UseOfMVVM;
				PRODUCT_NAME = "$(TARGET_NAME)";
				SWIFT_EMIT_LOC_STRINGS = YES;
				SWIFT_VERSION = 5.0;
				TARGETED_DEVICE_FAMILY = "1,2";
			};
			name = Debug;
		};
		40A0A5732B422EFA007C8B69 /* Release */ = {
			isa = XCBuildConfiguration;
			buildSettings = {
				ASSETCATALOG_COMPILER_APPICON_NAME = AppIcon;
				ASSETCATALOG_COMPILER_GLOBAL_ACCENT_COLOR_NAME = AccentColor;
				CODE_SIGN_STYLE = Automatic;
				CURRENT_PROJECT_VERSION = 1;
				DEVELOPMENT_TEAM = 3Q3DUU9XD7;
				GENERATE_INFOPLIST_FILE = YES;
				INFOPLIST_FILE = UseOfMVVM/Info.plist;
				INFOPLIST_KEY_UIApplicationSupportsIndirectInputEvents = YES;
				INFOPLIST_KEY_UILaunchStoryboardName = LaunchScreen;
				INFOPLIST_KEY_UIMainStoryboardFile = Main;
				INFOPLIST_KEY_UISupportedInterfaceOrientations_iPad = "UIInterfaceOrientationPortrait UIInterfaceOrientationPortraitUpsideDown UIInterfaceOrientationLandscapeLeft UIInterfaceOrientationLandscapeRight";
				INFOPLIST_KEY_UISupportedInterfaceOrientations_iPhone = "UIInterfaceOrientationPortrait UIInterfaceOrientationLandscapeLeft UIInterfaceOrientationLandscapeRight";
				LD_RUNPATH_SEARCH_PATHS = (
					"$(inherited)",
					"@executable_path/Frameworks",
				);
				MARKETING_VERSION = 1.0;
				PRODUCT_BUNDLE_IDENTIFIER = com.yusufakbas.UseOfMVVM;
				PRODUCT_NAME = "$(TARGET_NAME)";
				SWIFT_EMIT_LOC_STRINGS = YES;
				SWIFT_VERSION = 5.0;
				TARGETED_DEVICE_FAMILY = "1,2";
			};
			name = Release;
		};
/* End XCBuildConfiguration section */

/* Begin XCConfigurationList section */
		40A0A5582B422EF9007C8B69 /* Build configuration list for PBXProject "UseOfMVVM" */ = {
			isa = XCConfigurationList;
			buildConfigurations = (
				40A0A56F2B422EFA007C8B69 /* Debug */,
				40A0A5702B422EFA007C8B69 /* Release */,
			);
			defaultConfigurationIsVisible = 0;
			defaultConfigurationName = Release;
		};
		40A0A5712B422EFA007C8B69 /* Build configuration list for PBXNativeTarget "UseOfMVVM" */ = {
			isa = XCConfigurationList;
			buildConfigurations = (
				40A0A5722B422EFA007C8B69 /* Debug */,
				40A0A5732B422EFA007C8B69 /* Release */,
			);
			defaultConfigurationIsVisible = 0;
			defaultConfigurationName = Release;
		};
/* End XCConfigurationList section */

/* Begin XCRemoteSwiftPackageReference section */
		40A0A5762B423E77007C8B69 /* XCRemoteSwiftPackageReference "RxSwift" */ = {
			isa = XCRemoteSwiftPackageReference;
			repositoryURL = "https://github.com/ReactiveX/RxSwift.git";
			requirement = {
				kind = upToNextMajorVersion;
				minimumVersion = 6.6.0;
			};
		};
/* End XCRemoteSwiftPackageReference section */

/* Begin XCSwiftPackageProductDependency section */
		40A0A5832B423E77007C8B69 /* RxSwift */ = {
			isa = XCSwiftPackageProductDependency;
			package = 40A0A5762B423E77007C8B69 /* XCRemoteSwiftPackageReference "RxSwift" */;
			productName = RxSwift;
		};
/* End XCSwiftPackageProductDependency section */
	};
	rootObject = 40A0A5552B422EF9007C8B69 /* Project object */;
}
